
Microsoft Visual Studio Solution File, Format Version 12.00
# Visual Studio Version 16
VisualStudioVersion = 16.0.30711.63
MinimumVisualStudioVersion = 10.0.40219.1
Project("{FAE04EC0-301F-11D3-BF4B-00C04F79EFBC}") = "TestApp", "TestApp.csproj", "{D9EDA51A-386A-4EA9-881B-2411338B2E88}"
EndProject
Global
	GlobalSection(SolutionConfigurationPlatforms) = preSolution
		Debug|Any CPU = Debug|Any CPU
		Release|Any CPU = Release|Any CPU
	EndGlobalSection
	GlobalSection(ProjectConfigurationPlatforms) = postSolution
		{D9EDA51A-386A-4EA9-881B-2411338B2E88}.Debug|Any CPU.ActiveCfg = Debug|Any CPU
		{D9EDA51A-386A-4EA9-881B-2411338B2E88}.Debug|Any CPU.Build.0 = Debug|Any CPU
		{D9EDA51A-386A-4EA9-881B-2411338B2E88}.Release|Any CPU.ActiveCfg = Release|Any CPU
		{D9EDA51A-386A-4EA9-881B-2411338B2E88}.Release|Any CPU.Build.0 = Release|Any CPU
	EndGlobalSection
	GlobalSection(SolutionProperties) = preSolution
		HideSolutionNode = FALSE
	EndGlobalSection
	GlobalSection(ExtensibilityGlobals) = postSolution
		SolutionGuid = {8A6DC038-6440-41B2-9F19-49391D1F95B8}
	EndGlobalSection
EndGlobal
